
Microsoft Visual Studio Solution File, Format Version 10.00
# Visual Studio 2008
Project("{FAE04EC0-301F-11D3-BF4B-00C04F79EFBC}") = "CASESTUDY-1(PRS)", "CASESTUDY-1(PRS)\CASESTUDY-1(PRS).csproj", "{1BE54EB9-5CA4-4778-B2ED-14E1ABC3A91C}"
EndProject
Global
	GlobalSection(SolutionConfigurationPlatforms) = preSolution
		Debug|Any CPU = Debug|Any CPU
		Release|Any CPU = Release|Any CPU
	EndGlobalSection
	GlobalSection(ProjectConfigurationPlatforms) = postSolution
		{1BE54EB9-5CA4-4778-B2ED-14E1ABC3A91C}.Debug|Any CPU.ActiveCfg = Debug|Any CPU
		{1BE54EB9-5CA4-4778-B2ED-14E1ABC3A91C}.Debug|Any CPU.Build.0 = Debug|Any CPU
		{1BE54EB9-5CA4-4778-B2ED-14E1ABC3A91C}.Release|Any CPU.ActiveCfg = Release|Any CPU
		{1BE54EB9-5CA4-4778-B2ED-14E1ABC3A91C}.Release|Any CPU.Build.0 = Release|Any CPU
	EndGlobalSection
	GlobalSection(SolutionProperties) = preSolution
		HideSolutionNode = FALSE
	EndGlobalSection
EndGlobal
